
Microsoft Visual Studio Solution File, Format Version 12.00
# Visual Studio Version 16
VisualStudioVersion = 16.0.28407.52
MinimumVisualStudioVersion = 10.0.40219.1
Project("{2150E333-8FDC-42A3-9474-1A3956D46DE8}") = "1.Controllers", "1.Controllers", "{9C8C4B00-F0E3-4BEF-B98B-81663BF8C559}"
EndProject
Project("{2150E333-8FDC-42A3-9474-1A3956D46DE8}") = "2.DomainServices", "2.DomainServices", "{306EAFC2-2734-4C2E-8B24-254D7D65B116}"
EndProject
Project("{2150E333-8FDC-42A3-9474-1A3956D46DE8}") = "3.DataAccess", "3.DataAccess", "{B36D35C5-2DC3-436A-A52F-1F7345C10AC0}"
EndProject
Project("{2150E333-8FDC-42A3-9474-1A3956D46DE8}") = "4.InfraStructure", "4.InfraStructure", "{A8F9F812-77BB-4D5B-A5EC-FAC8220017D5}"
EndProject
Project("{2150E333-8FDC-42A3-9474-1A3956D46DE8}") = "5.Common", "5.Common", "{EA6CA4FE-56A0-4949-ADDA-E1C4D3E571E5}"
EndProject
Project("{2150E333-8FDC-42A3-9474-1A3956D46DE8}") = "6.Tests", "6.Tests", "{41216A92-B5F0-45C8-BBF1-F33DFDAEA082}"
EndProject
Project("{9A19103F-16F7-4668-BE54-9A1E7A4F7556}") = "Graph.DomainServices", "2.DomainServices\Graph.DomainServices\Graph.DomainServices.csproj", "{34A12345-1D90-4657-8D78-0B14F9D0068B}"
EndProject
Project("{9A19103F-16F7-4668-BE54-9A1E7A4F7556}") = "Graph.IDomainServices", "2.DomainServices\Graph.IDomainServices\Graph.IDomainServices.csproj", "{DE83D5FC-A6AC-44E9-9E4E-2CD10100E2F1}"
EndProject
Project("{9A19103F-16F7-4668-BE54-9A1E7A4F7556}") = "Graph.RequestResponseModels", "2.DomainServices\Graph.RequestResponseModels\Graph.RequestResponseModels.csproj", "{724C1151-A12A-431A-8E84-9CF128B0743C}"
EndProject
Project("{9A19103F-16F7-4668-BE54-9A1E7A4F7556}") = "Graph.ViewModels", "2.DomainServices\Graph.ViewModels\Graph.ViewModels.csproj", "{F7355F50-9934-456B-BDAB-CAD06B3637DD}"
EndProject
Project("{9A19103F-16F7-4668-BE54-9A1E7A4F7556}") = "Graph.EntityModels", "3.DataAccess\Graph.EntityModels\Graph.EntityModels.csproj", "{A79F36EC-1DA2-4289-906C-7861094CE2A1}"
EndProject
Project("{9A19103F-16F7-4668-BE54-9A1E7A4F7556}") = "Graph.IRepositories", "3.DataAccess\Graph.IRepositories\Graph.IRepositories.csproj", "{F7361AB5-71F5-4203-908E-2F96D5413E69}"
EndProject
Project("{9A19103F-16F7-4668-BE54-9A1E7A4F7556}") = "Graph.Repositories", "3.DataAccess\Graph.Repositories\Graph.Repositories.csproj", "{8C14728F-1299-4B35-A2E2-3FDEF69D034F}"
EndProject
Project("{9A19103F-16F7-4668-BE54-9A1E7A4F7556}") = "Graph.Infrastructure", "4.InfraStructure\Graph.Infrastructure\Graph.Infrastructure.csproj", "{358BFE3F-0EB5-407C-A8B5-E5A6F2026E36}"
EndProject
Project("{9A19103F-16F7-4668-BE54-9A1E7A4F7556}") = "Graph.Utility", "5.Common\Graph.Utility\Graph.Utility.csproj", "{DE95197E-F28D-4C19-9E66-C4432F12FBED}"
EndProject
Project("{9A19103F-16F7-4668-BE54-9A1E7A4F7556}") = "Graph.Api.Common", "1.Controllers\Graph.Api.Common\Graph.Api.Common.csproj", "{01465D4B-F6EB-4059-A9FC-5EFF76A45DCC}"
EndProject
Project("{9A19103F-16F7-4668-BE54-9A1E7A4F7556}") = "Graph.Api.Main", "Graph.Api.Main\Graph.Api.Main.csproj", "{40174043-B4E3-482E-A9BF-1368B2D9EE74}"
EndProject
Project("{9A19103F-16F7-4668-BE54-9A1E7A4F7556}") = "Graph.DomainServices.Tests", "6.Tests\Graph.DomainServices.Tests\Graph.DomainServices.Tests.csproj", "{59F869C6-2F50-49AA-9BB6-13C33F599EC7}"
EndProject
Project("{9A19103F-16F7-4668-BE54-9A1E7A4F7556}") = "Graph.Common.Tests", "6.Tests\Graph.Common.Tests\Graph.Common.Tests.csproj", "{8C136298-25D8-410A-805D-65572234F97A}"
EndProject
Project("{FAE04EC0-301F-11D3-BF4B-00C04F79EFBC}") = "Graph.Repositories.Tests", "6.Tests\Graph.Repositories.Tests\Graph.Repositories.Tests.csproj", "{F5248AF6-FD52-4DE9-86A7-A4FB0AD215DE}"
EndProject
Project("{9A19103F-16F7-4668-BE54-9A1E7A4F7556}") = "Graph.Api.Tests", "6.Tests\Graph.Api.Tests\Graph.Api.Tests.csproj", "{227EDC04-8D58-4782-B475-8E2E475620AB}"
EndProject
Global
	GlobalSection(SolutionConfigurationPlatforms) = preSolution
		Debug|Any CPU = Debug|Any CPU
		Release|Any CPU = Release|Any CPU
	EndGlobalSection
	GlobalSection(ProjectConfigurationPlatforms) = postSolution
		{34A12345-1D90-4657-8D78-0B14F9D0068B}.Debug|Any CPU.ActiveCfg = Debug|Any CPU
		{34A12345-1D90-4657-8D78-0B14F9D0068B}.Debug|Any CPU.Build.0 = Debug|Any CPU
		{34A12345-1D90-4657-8D78-0B14F9D0068B}.Release|Any CPU.ActiveCfg = Release|Any CPU
		{34A12345-1D90-4657-8D78-0B14F9D0068B}.Release|Any CPU.Build.0 = Release|Any CPU
		{DE83D5FC-A6AC-44E9-9E4E-2CD10100E2F1}.Debug|Any CPU.ActiveCfg = Debug|Any CPU
		{DE83D5FC-A6AC-44E9-9E4E-2CD10100E2F1}.Debug|Any CPU.Build.0 = Debug|Any CPU
		{DE83D5FC-A6AC-44E9-9E4E-2CD10100E2F1}.Release|Any CPU.ActiveCfg = Release|Any CPU
		{DE83D5FC-A6AC-44E9-9E4E-2CD10100E2F1}.Release|Any CPU.Build.0 = Release|Any CPU
		{724C1151-A12A-431A-8E84-9CF128B0743C}.Debug|Any CPU.ActiveCfg = Debug|Any CPU
		{724C1151-A12A-431A-8E84-9CF128B0743C}.Debug|Any CPU.Build.0 = Debug|Any CPU
		{724C1151-A12A-431A-8E84-9CF128B0743C}.Release|Any CPU.ActiveCfg = Release|Any CPU
		{724C1151-A12A-431A-8E84-9CF128B0743C}.Release|Any CPU.Build.0 = Release|Any CPU
		{F7355F50-9934-456B-BDAB-CAD06B3637DD}.Debug|Any CPU.ActiveCfg = Debug|Any CPU
		{F7355F50-9934-456B-BDAB-CAD06B3637DD}.Debug|Any CPU.Build.0 = Debug|Any CPU
		{F7355F50-9934-456B-BDAB-CAD06B3637DD}.Release|Any CPU.ActiveCfg = Release|Any CPU
		{F7355F50-9934-456B-BDAB-CAD06B3637DD}.Release|Any CPU.Build.0 = Release|Any CPU
		{A79F36EC-1DA2-4289-906C-7861094CE2A1}.Debug|Any CPU.ActiveCfg = Debug|Any CPU
		{A79F36EC-1DA2-4289-906C-7861094CE2A1}.Debug|Any CPU.Build.0 = Debug|Any CPU
		{A79F36EC-1DA2-4289-906C-7861094CE2A1}.Release|Any CPU.ActiveCfg = Release|Any CPU
		{A79F36EC-1DA2-4289-906C-7861094CE2A1}.Release|Any CPU.Build.0 = Release|Any CPU
		{F7361AB5-71F5-4203-908E-2F96D5413E69}.Debug|Any CPU.ActiveCfg = Debug|Any CPU
		{F7361AB5-71F5-4203-908E-2F96D5413E69}.Debug|Any CPU.Build.0 = Debug|Any CPU
		{F7361AB5-71F5-4203-908E-2F96D5413E69}.Release|Any CPU.ActiveCfg = Release|Any CPU
		{F7361AB5-71F5-4203-908E-2F96D5413E69}.Release|Any CPU.Build.0 = Release|Any CPU
		{8C14728F-1299-4B35-A2E2-3FDEF69D034F}.Debug|Any CPU.ActiveCfg = Debug|Any CPU
		{8C14728F-1299-4B35-A2E2-3FDEF69D034F}.Debug|Any CPU.Build.0 = Debug|Any CPU
		{8C14728F-1299-4B35-A2E2-3FDEF69D034F}.Release|Any CPU.ActiveCfg = Release|Any CPU
		{8C14728F-1299-4B35-A2E2-3FDEF69D034F}.Release|Any CPU.Build.0 = Release|Any CPU
		{358BFE3F-0EB5-407C-A8B5-E5A6F2026E36}.Debug|Any CPU.ActiveCfg = Debug|Any CPU
		{358BFE3F-0EB5-407C-A8B5-E5A6F2026E36}.Debug|Any CPU.Build.0 = Debug|Any CPU
		{358BFE3F-0EB5-407C-A8B5-E5A6F2026E36}.Release|Any CPU.ActiveCfg = Release|Any CPU
		{358BFE3F-0EB5-407C-A8B5-E5A6F2026E36}.Release|Any CPU.Build.0 = Release|Any CPU
		{DE95197E-F28D-4C19-9E66-C4432F12FBED}.Debug|Any CPU.ActiveCfg = Debug|Any CPU
		{DE95197E-F28D-4C19-9E66-C4432F12FBED}.Debug|Any CPU.Build.0 = Debug|Any CPU
		{DE95197E-F28D-4C19-9E66-C4432F12FBED}.Release|Any CPU.ActiveCfg = Release|Any CPU
		{DE95197E-F28D-4C19-9E66-C4432F12FBED}.Release|Any CPU.Build.0 = Release|Any CPU
		{01465D4B-F6EB-4059-A9FC-5EFF76A45DCC}.Debug|Any CPU.ActiveCfg = Debug|Any CPU
		{01465D4B-F6EB-4059-A9FC-5EFF76A45DCC}.Debug|Any CPU.Build.0 = Debug|Any CPU
		{01465D4B-F6EB-4059-A9FC-5EFF76A45DCC}.Release|Any CPU.ActiveCfg = Release|Any CPU
		{01465D4B-F6EB-4059-A9FC-5EFF76A45DCC}.Release|Any CPU.Build.0 = Release|Any CPU
		{40174043-B4E3-482E-A9BF-1368B2D9EE74}.Debug|Any CPU.ActiveCfg = Debug|Any CPU
		{40174043-B4E3-482E-A9BF-1368B2D9EE74}.Debug|Any CPU.Build.0 = Debug|Any CPU
		{40174043-B4E3-482E-A9BF-1368B2D9EE74}.Release|Any CPU.ActiveCfg = Release|Any CPU
		{40174043-B4E3-482E-A9BF-1368B2D9EE74}.Release|Any CPU.Build.0 = Release|Any CPU
		{59F869C6-2F50-49AA-9BB6-13C33F599EC7}.Debug|Any CPU.ActiveCfg = Debug|Any CPU
		{59F869C6-2F50-49AA-9BB6-13C33F599EC7}.Debug|Any CPU.Build.0 = Debug|Any CPU
		{59F869C6-2F50-49AA-9BB6-13C33F599EC7}.Release|Any CPU.ActiveCfg = Release|Any CPU
		{59F869C6-2F50-49AA-9BB6-13C33F599EC7}.Release|Any CPU.Build.0 = Release|Any CPU
		{8C136298-25D8-410A-805D-65572234F97A}.Debug|Any CPU.ActiveCfg = Debug|Any CPU
		{8C136298-25D8-410A-805D-65572234F97A}.Debug|Any CPU.Build.0 = Debug|Any CPU
		{8C136298-25D8-410A-805D-65572234F97A}.Release|Any CPU.ActiveCfg = Release|Any CPU
		{8C136298-25D8-410A-805D-65572234F97A}.Release|Any CPU.Build.0 = Release|Any CPU
		{F5248AF6-FD52-4DE9-86A7-A4FB0AD215DE}.Debug|Any CPU.ActiveCfg = Debug|Any CPU
		{F5248AF6-FD52-4DE9-86A7-A4FB0AD215DE}.Debug|Any CPU.Build.0 = Debug|Any CPU
		{F5248AF6-FD52-4DE9-86A7-A4FB0AD215DE}.Release|Any CPU.ActiveCfg = Release|Any CPU
		{F5248AF6-FD52-4DE9-86A7-A4FB0AD215DE}.Release|Any CPU.Build.0 = Release|Any CPU
		{227EDC04-8D58-4782-B475-8E2E475620AB}.Debug|Any CPU.ActiveCfg = Debug|Any CPU
		{227EDC04-8D58-4782-B475-8E2E475620AB}.Debug|Any CPU.Build.0 = Debug|Any CPU
		{227EDC04-8D58-4782-B475-8E2E475620AB}.Release|Any CPU.ActiveCfg = Release|Any CPU
		{227EDC04-8D58-4782-B475-8E2E475620AB}.Release|Any CPU.Build.0 = Release|Any CPU
	EndGlobalSection
	GlobalSection(SolutionProperties) = preSolution
		HideSolutionNode = FALSE
	EndGlobalSection
	GlobalSection(NestedProjects) = preSolution
		{34A12345-1D90-4657-8D78-0B14F9D0068B} = {306EAFC2-2734-4C2E-8B24-254D7D65B116}
		{DE83D5FC-A6AC-44E9-9E4E-2CD10100E2F1} = {306EAFC2-2734-4C2E-8B24-254D7D65B116}
		{724C1151-A12A-431A-8E84-9CF128B0743C} = {306EAFC2-2734-4C2E-8B24-254D7D65B116}
		{F7355F50-9934-456B-BDAB-CAD06B3637DD} = {306EAFC2-2734-4C2E-8B24-254D7D65B116}
		{A79F36EC-1DA2-4289-906C-7861094CE2A1} = {B36D35C5-2DC3-436A-A52F-1F7345C10AC0}
		{F7361AB5-71F5-4203-908E-2F96D5413E69} = {B36D35C5-2DC3-436A-A52F-1F7345C10AC0}
		{8C14728F-1299-4B35-A2E2-3FDEF69D034F} = {B36D35C5-2DC3-436A-A52F-1F7345C10AC0}
		{358BFE3F-0EB5-407C-A8B5-E5A6F2026E36} = {A8F9F812-77BB-4D5B-A5EC-FAC8220017D5}
		{DE95197E-F28D-4C19-9E66-C4432F12FBED} = {EA6CA4FE-56A0-4949-ADDA-E1C4D3E571E5}
		{01465D4B-F6EB-4059-A9FC-5EFF76A45DCC} = {9C8C4B00-F0E3-4BEF-B98B-81663BF8C559}
		{40174043-B4E3-482E-A9BF-1368B2D9EE74} = {9C8C4B00-F0E3-4BEF-B98B-81663BF8C559}
		{59F869C6-2F50-49AA-9BB6-13C33F599EC7} = {41216A92-B5F0-45C8-BBF1-F33DFDAEA082}
		{8C136298-25D8-410A-805D-65572234F97A} = {41216A92-B5F0-45C8-BBF1-F33DFDAEA082}
		{F5248AF6-FD52-4DE9-86A7-A4FB0AD215DE} = {41216A92-B5F0-45C8-BBF1-F33DFDAEA082}
		{227EDC04-8D58-4782-B475-8E2E475620AB} = {41216A92-B5F0-45C8-BBF1-F33DFDAEA082}
	EndGlobalSection
	GlobalSection(ExtensibilityGlobals) = postSolution
		BuildVersion_StartDate = 2000/1/1
		SolutionGuid = {E7418468-A233-442C-8939-23C6C1243490}
	EndGlobalSection
EndGlobal
